
Microsoft Visual Studio Solution File, Format Version 12.00
# Visual Studio Version 17
VisualStudioVersion = 17.7.34031.279
MinimumVisualStudioVersion = 10.0.40219.1
Project("{FAE04EC0-301F-11D3-BF4B-00C04F79EFBC}") = "SelectionSort", "SelectionSort\SelectionSort.csproj", "{616F1F0C-A86B-400E-9E6C-CB7FA5E45987}"
EndProject
Global
	GlobalSection(SolutionConfigurationPlatforms) = preSolution
		Debug|Any CPU = Debug|Any CPU
		Release|Any CPU = Release|Any CPU
	EndGlobalSection
	GlobalSection(ProjectConfigurationPlatforms) = postSolution
		{616F1F0C-A86B-400E-9E6C-CB7FA5E45987}.Debug|Any CPU.ActiveCfg = Debug|Any CPU
		{616F1F0C-A86B-400E-9E6C-CB7FA5E45987}.Debug|Any CPU.Build.0 = Debug|Any CPU
		{616F1F0C-A86B-400E-9E6C-CB7FA5E45987}.Release|Any CPU.ActiveCfg = Release|Any CPU
		{616F1F0C-A86B-400E-9E6C-CB7FA5E45987}.Release|Any CPU.Build.0 = Release|Any CPU
	EndGlobalSection
	GlobalSection(SolutionProperties) = preSolution
		HideSolutionNode = FALSE
	EndGlobalSection
	GlobalSection(ExtensibilityGlobals) = postSolution
		SolutionGuid = {A1D97A6F-8BD8-4C4B-9C76-FEE2E66D741D}
	EndGlobalSection
EndGlobal
