
Microsoft Visual Studio Solution File, Format Version 12.00
# Visual Studio Version 17
VisualStudioVersion = 17.7.34031.279
MinimumVisualStudioVersion = 10.0.40219.1
Project("{FAE04EC0-301F-11D3-BF4B-00C04F79EFBC}") = "BubbleSort", "BubbleSort\BubbleSort.csproj", "{3773A632-E6B5-437B-B146-74DCD9AA8B8C}"
EndProject
Global
	GlobalSection(SolutionConfigurationPlatforms) = preSolution
		Debug|Any CPU = Debug|Any CPU
		Release|Any CPU = Release|Any CPU
	EndGlobalSection
	GlobalSection(ProjectConfigurationPlatforms) = postSolution
		{3773A632-E6B5-437B-B146-74DCD9AA8B8C}.Debug|Any CPU.ActiveCfg = Debug|Any CPU
		{3773A632-E6B5-437B-B146-74DCD9AA8B8C}.Debug|Any CPU.Build.0 = Debug|Any CPU
		{3773A632-E6B5-437B-B146-74DCD9AA8B8C}.Release|Any CPU.ActiveCfg = Release|Any CPU
		{3773A632-E6B5-437B-B146-74DCD9AA8B8C}.Release|Any CPU.Build.0 = Release|Any CPU
	EndGlobalSection
	GlobalSection(SolutionProperties) = preSolution
		HideSolutionNode = FALSE
	EndGlobalSection
	GlobalSection(ExtensibilityGlobals) = postSolution
		SolutionGuid = {B8A9BF7D-82C9-44D5-877E-7F2908967A6A}
	EndGlobalSection
EndGlobal
